
Microsoft Visual Studio Solution File, Format Version 12.00
# Visual Studio 2017
Project("{FAE04EC0-301F-11D3-BF4B-00C04F79EFBC}") = "GreatHoneyHeist", "GreatHoneyHeist.csproj", "{47C38180-1CE8-49EE-8F69-8955261CA589}"
EndProject
Project("{FAE04EC0-301F-11D3-BF4B-00C04F79EFBC}") = "GreatHoneyHeist", "GreatHoneyHeist.csproj", "{47C38180-1CE8-49EE-8F69-8955261CA589}"
EndProject
Project("{FAE04EC0-301F-11D3-BF4B-00C04F79EFBC}") = "GreatHoneyHeist", "GreatHoneyHeist.csproj", "{47C38180-1CE8-49EE-8F69-8955261CA589}"
EndProject
Project("{FAE04EC0-301F-11D3-BF4B-00C04F79EFBC}") = "GreatHoneyHeist.Editor", "GreatHoneyHeist.Editor.csproj", "{500D1413-E244-3753-B24A-908D99D541B0}"
EndProject
Project("{FAE04EC0-301F-11D3-BF4B-00C04F79EFBC}") = "GreatHoneyHeist.Editor", "GreatHoneyHeist.Editor.csproj", "{500D1413-E244-3753-B24A-908D99D541B0}"
EndProject
Project("{FAE04EC0-301F-11D3-BF4B-00C04F79EFBC}") = "GreatHoneyHeist.Editor", "GreatHoneyHeist.Editor.csproj", "{500D1413-E244-3753-B24A-908D99D541B0}"
EndProject
Global
	GlobalSection(SolutionConfigurationPlatforms) = preSolution
		Debug|Any CPU = Debug|Any CPU
		Release|Any CPU = Release|Any CPU
	EndGlobalSection
	GlobalSection(ProjectConfigurationPlatforms) = postSolution
		{47C38180-1CE8-49EE-8F69-8955261CA589}.Debug|Any CPU.ActiveCfg = Debug|Any CPU
		{47C38180-1CE8-49EE-8F69-8955261CA589}.Debug|Any CPU.Build.0 = Debug|Any CPU
		{47C38180-1CE8-49EE-8F69-8955261CA589}.Release|Any CPU.ActiveCfg = Release|Any CPU
		{47C38180-1CE8-49EE-8F69-8955261CA589}.Release|Any CPU.Build.0 = Release|Any CPU
		{47C38180-1CE8-49EE-8F69-8955261CA589}.Debug|Any CPU.ActiveCfg = Debug|Any CPU
		{47C38180-1CE8-49EE-8F69-8955261CA589}.Debug|Any CPU.Build.0 = Debug|Any CPU
		{47C38180-1CE8-49EE-8F69-8955261CA589}.Release|Any CPU.ActiveCfg = Release|Any CPU
		{47C38180-1CE8-49EE-8F69-8955261CA589}.Release|Any CPU.Build.0 = Release|Any CPU
		{47C38180-1CE8-49EE-8F69-8955261CA589}.Debug|Any CPU.ActiveCfg = Debug|Any CPU
		{47C38180-1CE8-49EE-8F69-8955261CA589}.Debug|Any CPU.Build.0 = Debug|Any CPU
		{47C38180-1CE8-49EE-8F69-8955261CA589}.Release|Any CPU.ActiveCfg = Release|Any CPU
		{47C38180-1CE8-49EE-8F69-8955261CA589}.Release|Any CPU.Build.0 = Release|Any CPU
		{500D1413-E244-3753-B24A-908D99D541B0}.Debug|Any CPU.ActiveCfg = Debug|Any CPU
		{500D1413-E244-3753-B24A-908D99D541B0}.Debug|Any CPU.Build.0 = Debug|Any CPU
		{500D1413-E244-3753-B24A-908D99D541B0}.Release|Any CPU.ActiveCfg = Release|Any CPU
		{500D1413-E244-3753-B24A-908D99D541B0}.Release|Any CPU.Build.0 = Release|Any CPU
		{500D1413-E244-3753-B24A-908D99D541B0}.Debug|Any CPU.ActiveCfg = Debug|Any CPU
		{500D1413-E244-3753-B24A-908D99D541B0}.Debug|Any CPU.Build.0 = Debug|Any CPU
		{500D1413-E244-3753-B24A-908D99D541B0}.Release|Any CPU.ActiveCfg = Release|Any CPU
		{500D1413-E244-3753-B24A-908D99D541B0}.Release|Any CPU.Build.0 = Release|Any CPU
		{500D1413-E244-3753-B24A-908D99D541B0}.Debug|Any CPU.ActiveCfg = Debug|Any CPU
		{500D1413-E244-3753-B24A-908D99D541B0}.Debug|Any CPU.Build.0 = Debug|Any CPU
		{500D1413-E244-3753-B24A-908D99D541B0}.Release|Any CPU.ActiveCfg = Release|Any CPU
		{500D1413-E244-3753-B24A-908D99D541B0}.Release|Any CPU.Build.0 = Release|Any CPU
	EndGlobalSection
	GlobalSection(SolutionProperties) = preSolution
		HideSolutionNode = FALSE
	EndGlobalSection
EndGlobal
